
Microsoft Visual Studio Solution File, Format Version 12.00
# Visual Studio Version 17
VisualStudioVersion = 17.0.31903.59
MinimumVisualStudioVersion = 10.0.40219.1
Project("{2150E333-8FDC-42A3-9474-1A3956D46DE8}") = "src", "src", "{827E0CD3-B72D-47B6-A68D-7590B98EB39B}"
EndProject
Project("{FAE04EC0-301F-11D3-BF4B-00C04F79EFBC}") = "Core", "src\Core\Core.csproj", "{1483DA39-5F9F-41D7-8446-3D40B3603DAB}"
EndProject
Project("{FAE04EC0-301F-11D3-BF4B-00C04F79EFBC}") = "Application", "src\Application\Application.csproj", "{5876D078-0E0A-4F0F-A947-0FD66BB8A990}"
EndProject
Project("{FAE04EC0-301F-11D3-BF4B-00C04F79EFBC}") = "Infrastructure", "src\Infrastructure\Infrastructure.csproj", "{7EE9995A-24D9-4954-BF71-41582BCE8119}"
EndProject
Project("{FAE04EC0-301F-11D3-BF4B-00C04F79EFBC}") = "AuthApi", "src\AuthApi\AuthApi.csproj", "{DCD75BEF-6F56-44E2-B3C8-FB92319E7E26}"
EndProject
Project("{FAE04EC0-301F-11D3-BF4B-00C04F79EFBC}") = "ProductApi", "src\ProductApi\ProductApi.csproj", "{AF5C8935-2718-47A1-9C86-6EE6B91C1DCD}"
EndProject
Global
	GlobalSection(SolutionConfigurationPlatforms) = preSolution
		Debug|Any CPU = Debug|Any CPU
		Debug|x64 = Debug|x64
		Debug|x86 = Debug|x86
		Release|Any CPU = Release|Any CPU
		Release|x64 = Release|x64
		Release|x86 = Release|x86
	EndGlobalSection
	GlobalSection(ProjectConfigurationPlatforms) = postSolution
		{1483DA39-5F9F-41D7-8446-3D40B3603DAB}.Debug|Any CPU.ActiveCfg = Debug|Any CPU
		{1483DA39-5F9F-41D7-8446-3D40B3603DAB}.Debug|Any CPU.Build.0 = Debug|Any CPU
		{1483DA39-5F9F-41D7-8446-3D40B3603DAB}.Debug|x64.ActiveCfg = Debug|Any CPU
		{1483DA39-5F9F-41D7-8446-3D40B3603DAB}.Debug|x64.Build.0 = Debug|Any CPU
		{1483DA39-5F9F-41D7-8446-3D40B3603DAB}.Debug|x86.ActiveCfg = Debug|Any CPU
		{1483DA39-5F9F-41D7-8446-3D40B3603DAB}.Debug|x86.Build.0 = Debug|Any CPU
		{1483DA39-5F9F-41D7-8446-3D40B3603DAB}.Release|Any CPU.ActiveCfg = Release|Any CPU
		{1483DA39-5F9F-41D7-8446-3D40B3603DAB}.Release|Any CPU.Build.0 = Release|Any CPU
		{1483DA39-5F9F-41D7-8446-3D40B3603DAB}.Release|x64.ActiveCfg = Release|Any CPU
		{1483DA39-5F9F-41D7-8446-3D40B3603DAB}.Release|x64.Build.0 = Release|Any CPU
		{1483DA39-5F9F-41D7-8446-3D40B3603DAB}.Release|x86.ActiveCfg = Release|Any CPU
		{1483DA39-5F9F-41D7-8446-3D40B3603DAB}.Release|x86.Build.0 = Release|Any CPU
		{5876D078-0E0A-4F0F-A947-0FD66BB8A990}.Debug|Any CPU.ActiveCfg = Debug|Any CPU
		{5876D078-0E0A-4F0F-A947-0FD66BB8A990}.Debug|Any CPU.Build.0 = Debug|Any CPU
		{5876D078-0E0A-4F0F-A947-0FD66BB8A990}.Debug|x64.ActiveCfg = Debug|Any CPU
		{5876D078-0E0A-4F0F-A947-0FD66BB8A990}.Debug|x64.Build.0 = Debug|Any CPU
		{5876D078-0E0A-4F0F-A947-0FD66BB8A990}.Debug|x86.ActiveCfg = Debug|Any CPU
		{5876D078-0E0A-4F0F-A947-0FD66BB8A990}.Debug|x86.Build.0 = Debug|Any CPU
		{5876D078-0E0A-4F0F-A947-0FD66BB8A990}.Release|Any CPU.ActiveCfg = Release|Any CPU
		{5876D078-0E0A-4F0F-A947-0FD66BB8A990}.Release|Any CPU.Build.0 = Release|Any CPU
		{5876D078-0E0A-4F0F-A947-0FD66BB8A990}.Release|x64.ActiveCfg = Release|Any CPU
		{5876D078-0E0A-4F0F-A947-0FD66BB8A990}.Release|x64.Build.0 = Release|Any CPU
		{5876D078-0E0A-4F0F-A947-0FD66BB8A990}.Release|x86.ActiveCfg = Release|Any CPU
		{5876D078-0E0A-4F0F-A947-0FD66BB8A990}.Release|x86.Build.0 = Release|Any CPU
		{7EE9995A-24D9-4954-BF71-41582BCE8119}.Debug|Any CPU.ActiveCfg = Debug|Any CPU
		{7EE9995A-24D9-4954-BF71-41582BCE8119}.Debug|Any CPU.Build.0 = Debug|Any CPU
		{7EE9995A-24D9-4954-BF71-41582BCE8119}.Debug|x64.ActiveCfg = Debug|Any CPU
		{7EE9995A-24D9-4954-BF71-41582BCE8119}.Debug|x64.Build.0 = Debug|Any CPU
		{7EE9995A-24D9-4954-BF71-41582BCE8119}.Debug|x86.ActiveCfg = Debug|Any CPU
		{7EE9995A-24D9-4954-BF71-41582BCE8119}.Debug|x86.Build.0 = Debug|Any CPU
		{7EE9995A-24D9-4954-BF71-41582BCE8119}.Release|Any CPU.ActiveCfg = Release|Any CPU
		{7EE9995A-24D9-4954-BF71-41582BCE8119}.Release|Any CPU.Build.0 = Release|Any CPU
		{7EE9995A-24D9-4954-BF71-41582BCE8119}.Release|x64.ActiveCfg = Release|Any CPU
		{7EE9995A-24D9-4954-BF71-41582BCE8119}.Release|x64.Build.0 = Release|Any CPU
		{7EE9995A-24D9-4954-BF71-41582BCE8119}.Release|x86.ActiveCfg = Release|Any CPU
		{7EE9995A-24D9-4954-BF71-41582BCE8119}.Release|x86.Build.0 = Release|Any CPU
		{DCD75BEF-6F56-44E2-B3C8-FB92319E7E26}.Debug|Any CPU.ActiveCfg = Debug|Any CPU
		{DCD75BEF-6F56-44E2-B3C8-FB92319E7E26}.Debug|Any CPU.Build.0 = Debug|Any CPU
		{DCD75BEF-6F56-44E2-B3C8-FB92319E7E26}.Debug|x64.ActiveCfg = Debug|Any CPU
		{DCD75BEF-6F56-44E2-B3C8-FB92319E7E26}.Debug|x64.Build.0 = Debug|Any CPU
		{DCD75BEF-6F56-44E2-B3C8-FB92319E7E26}.Debug|x86.ActiveCfg = Debug|Any CPU
		{DCD75BEF-6F56-44E2-B3C8-FB92319E7E26}.Debug|x86.Build.0 = Debug|Any CPU
		{DCD75BEF-6F56-44E2-B3C8-FB92319E7E26}.Release|Any CPU.ActiveCfg = Release|Any CPU
		{DCD75BEF-6F56-44E2-B3C8-FB92319E7E26}.Release|Any CPU.Build.0 = Release|Any CPU
		{DCD75BEF-6F56-44E2-B3C8-FB92319E7E26}.Release|x64.ActiveCfg = Release|Any CPU
		{DCD75BEF-6F56-44E2-B3C8-FB92319E7E26}.Release|x64.Build.0 = Release|Any CPU
		{DCD75BEF-6F56-44E2-B3C8-FB92319E7E26}.Release|x86.ActiveCfg = Release|Any CPU
		{DCD75BEF-6F56-44E2-B3C8-FB92319E7E26}.Release|x86.Build.0 = Release|Any CPU
		{AF5C8935-2718-47A1-9C86-6EE6B91C1DCD}.Debug|Any CPU.ActiveCfg = Debug|Any CPU
		{AF5C8935-2718-47A1-9C86-6EE6B91C1DCD}.Debug|Any CPU.Build.0 = Debug|Any CPU
		{AF5C8935-2718-47A1-9C86-6EE6B91C1DCD}.Debug|x64.ActiveCfg = Debug|Any CPU
		{AF5C8935-2718-47A1-9C86-6EE6B91C1DCD}.Debug|x64.Build.0 = Debug|Any CPU
		{AF5C8935-2718-47A1-9C86-6EE6B91C1DCD}.Debug|x86.ActiveCfg = Debug|Any CPU
		{AF5C8935-2718-47A1-9C86-6EE6B91C1DCD}.Debug|x86.Build.0 = Debug|Any CPU
		{AF5C8935-2718-47A1-9C86-6EE6B91C1DCD}.Release|Any CPU.ActiveCfg = Release|Any CPU
		{AF5C8935-2718-47A1-9C86-6EE6B91C1DCD}.Release|Any CPU.Build.0 = Release|Any CPU
		{AF5C8935-2718-47A1-9C86-6EE6B91C1DCD}.Release|x64.ActiveCfg = Release|Any CPU
		{AF5C8935-2718-47A1-9C86-6EE6B91C1DCD}.Release|x64.Build.0 = Release|Any CPU
		{AF5C8935-2718-47A1-9C86-6EE6B91C1DCD}.Release|x86.ActiveCfg = Release|Any CPU
		{AF5C8935-2718-47A1-9C86-6EE6B91C1DCD}.Release|x86.Build.0 = Release|Any CPU
	EndGlobalSection
	GlobalSection(SolutionProperties) = preSolution
		HideSolutionNode = FALSE
	EndGlobalSection
	GlobalSection(NestedProjects) = preSolution
		{1483DA39-5F9F-41D7-8446-3D40B3603DAB} = {827E0CD3-B72D-47B6-A68D-7590B98EB39B}
		{5876D078-0E0A-4F0F-A947-0FD66BB8A990} = {827E0CD3-B72D-47B6-A68D-7590B98EB39B}
		{7EE9995A-24D9-4954-BF71-41582BCE8119} = {827E0CD3-B72D-47B6-A68D-7590B98EB39B}
		{DCD75BEF-6F56-44E2-B3C8-FB92319E7E26} = {827E0CD3-B72D-47B6-A68D-7590B98EB39B}
		{AF5C8935-2718-47A1-9C86-6EE6B91C1DCD} = {827E0CD3-B72D-47B6-A68D-7590B98EB39B}
	EndGlobalSection
EndGlobal
